<?xml version="1.0" encoding="utf-8"?>
<Project ToolsVersion="4.0" xmlns="http://schemas.microsoft.com/developer/msbuild/2003">
  <ItemGroup>
    <ClCompile Include="main.cpp" />
    <ClCompile Include="..\LIB.Utils\utilsTime.cpp">
      <Filter>Lib.Utils</Filter>
    </ClCompile>
    <ClCompile Include="..\LIB.Utils\utilsTime_Test.cpp">
      <Filter>Lib.Utils</Filter>
    </ClCompile>
  </ItemGroup>
  <ItemGroup>
    <Filter Include="Lib.Utils">
      <UniqueIdentifier>{be192240-b290-4bbb-861d-6b01b7a540c0}</UniqueIdentifier>
    </Filter>
    <Filter Include=".vscode">
      <UniqueIdentifier>{717bc759-c046-47f5-b11b-9c6ac673b826}</UniqueIdentifier>
    </Filter>
  </ItemGroup>
  <ItemGroup>
    <ClInclude Include="libConfig.h" />
    <ClInclude Include="..\LIB.Utils\utilsTime.h">
      <Filter>Lib.Utils</Filter>
    </ClInclude>
  </ItemGroup>
  <ItemGroup>
    <None Include=".vscode\c_cpp_properties.json">
      <Filter>.vscode</Filter>
    </None>
    <None Include=".vscode\launch.json">
      <Filter>.vscode</Filter>
    </None>
    <None Include=".vscode\tasks.json">
      <Filter>.vscode</Filter>
    </None>
    <None Include="UnitTest_Time.code-workspace" />
  </ItemGroup>
</Project>